
Microsoft Visual Studio Solution File, Format Version 12.00
# Visual Studio 2013
VisualStudioVersion = 12.0.31101.0
MinimumVisualStudioVersion = 10.0.40219.1
Project("{2150E333-8FDC-42A3-9474-1A3956D46DE8}") = "Framework", "Framework", "{8636251D-0291-4B49-BD87-644F49A928F4}"
EndProject
Project("{2150E333-8FDC-42A3-9474-1A3956D46DE8}") = "Extensions", "Extensions", "{84D975C8-CE27-4D5D-AE38-E3562DFF0C2E}"
EndProject
Project("{FAE04EC0-301F-11D3-BF4B-00C04F79EFBC}") = "Agile.Entities", "Agile.Entities\Agile.Entities.csproj", "{1E623D42-BFBA-47A2-B36E-CD621F799F12}"
EndProject
Project("{FAE04EC0-301F-11D3-BF4B-00C04F79EFBC}") = "Agile.Logic", "Agile.Logic\Agile.Logic.csproj", "{A1DC1E55-A44C-4240-BB6D-A8FF1886FF45}"
EndProject
Project("{FAE04EC0-301F-11D3-BF4B-00C04F79EFBC}") = "Agile.Load", "Agile.Load\Agile.Load.csproj", "{B42F7A8E-3FA7-48EC-A53A-2D349CAB57EB}"
EndProject
Project("{FAE04EC0-301F-11D3-BF4B-00C04F79EFBC}") = "Agile.Web", "Agile.Web\Agile.Web.csproj", "{8DC5845A-3C2A-4EF4-8BEC-F22E8C78FC31}"
EndProject
Project("{FAE04EC0-301F-11D3-BF4B-00C04F79EFBC}") = "Agile.Windows", "Agile.Windows\Agile.Windows.csproj", "{3E2B07C2-053F-46BA-BD04-4FD2E51DBA9C}"
EndProject
Project("{FAE04EC0-301F-11D3-BF4B-00C04F79EFBC}") = "Signum.Entities", "Framework\Signum.Entities\Signum.Entities.csproj", "{F2B51D08-498D-4C9F-8112-9521A7762B02}"
EndProject
Project("{FAE04EC0-301F-11D3-BF4B-00C04F79EFBC}") = "Signum.Windows", "Framework\Signum.Windows\Signum.Windows.csproj", "{76278145-7CCD-4411-9B8A-078708128571}"
EndProject
Project("{FAE04EC0-301F-11D3-BF4B-00C04F79EFBC}") = "Signum.Utilities", "Framework\Signum.Utilities\Signum.Utilities.csproj", "{F7D3F72D-741D-4F67-8CF8-CD41B9035FED}"
EndProject
Project("{FAE04EC0-301F-11D3-BF4B-00C04F79EFBC}") = "Signum.Engine", "Framework\Signum.Engine\Signum.Engine.csproj", "{7F2DB6FE-C109-4057-B207-C62A767F905D}"
EndProject
Project("{FAE04EC0-301F-11D3-BF4B-00C04F79EFBC}") = "Signum.Web", "Framework\Signum.Web\Signum.Web.csproj", "{61898D02-521F-49AB-928B-F80615D55CA3}"
EndProject
Project("{FAE04EC0-301F-11D3-BF4B-00C04F79EFBC}") = "Signum.Engine.Extensions", "Extensions\Signum.Engine.Extensions\Signum.Engine.Extensions.csproj", "{BA7FA363-61A1-41B1-945B-9B9C7BBCD357}"
EndProject
Project("{FAE04EC0-301F-11D3-BF4B-00C04F79EFBC}") = "Signum.Entities.Extensions", "Extensions\Signum.Entities.Extensions\Signum.Entities.Extensions.csproj", "{7D851227-5294-4BEB-990E-56B4FBB7A148}"
EndProject
Project("{FAE04EC0-301F-11D3-BF4B-00C04F79EFBC}") = "Signum.Web.Extensions", "Extensions\Signum.Web.Extensions\Signum.Web.Extensions.csproj", "{86EE7792-96CF-4420-997B-8C811E2B166D}"
EndProject
Project("{FAE04EC0-301F-11D3-BF4B-00C04F79EFBC}") = "Signum.Windows.Extensions", "Extensions\Signum.Windows.Extensions\Signum.Windows.Extensions.csproj", "{CAFD6D4D-E5FB-4A6E-84FC-3185854CCD9D}"
EndProject
Project("{FAE04EC0-301F-11D3-BF4B-00C04F79EFBC}") = "Signum.Test", "Framework\Signum.Test\Signum.Test.csproj", "{DE565EB3-EE44-469D-B6B9-C8F3CA0712EF}"
EndProject
Project("{FAE04EC0-301F-11D3-BF4B-00C04F79EFBC}") = "Agile.Local", "Agile.Local\Agile.Local.csproj", "{77CC6F83-D009-47EB-BD12-A12F83C6E26B}"
EndProject
Project("{FAE04EC0-301F-11D3-BF4B-00C04F79EFBC}") = "Agile.Test.Environment", "Agile.Test.Environment\Agile.Test.Environment.csproj", "{2DA6D0B3-5686-4EA5-B25F-336D59E310D2}"
EndProject
Project("{2150E333-8FDC-42A3-9474-1A3956D46DE8}") = "Test", "Test", "{5E6F8423-99BB-46F3-8B8A-7A24BD5D3DD6}"
EndProject
Project("{FAE04EC0-301F-11D3-BF4B-00C04F79EFBC}") = "Agile.Test.Logic", "Agile.Test.Logic\Agile.Test.Logic.csproj", "{DD5DCF5F-33C8-4242-852E-CD2FA1C0E020}"
EndProject
Project("{FAE04EC0-301F-11D3-BF4B-00C04F79EFBC}") = "Agile.Test.Windows", "Agile.Test.Windows\Agile.Test.Windows.csproj", "{6E11BC15-1299-4C92-987C-435E0D501F26}"
EndProject
Project("{FAE04EC0-301F-11D3-BF4B-00C04F79EFBC}") = "Signum.Web.Extensions.Selenium", "Extensions\Signum.Web.Extensions.Selenium\Signum.Web.Extensions.Selenium.csproj", "{18048DCC-7069-4BC1-8BE0-99010C7D9082}"
EndProject
Project("{FAE04EC0-301F-11D3-BF4B-00C04F79EFBC}") = "Signum.Windows.Extensions.UIAutomation", "Extensions\Signum.Windows.Extensions.UIAutomation\Signum.Windows.Extensions.UIAutomation.csproj", "{8BEE9C27-E196-4087-A531-128BBB5D0CBF}"
EndProject
Project("{FAE04EC0-301F-11D3-BF4B-00C04F79EFBC}") = "Agile.Test.Web", "Agile.Test.Web\Agile.Test.Web.csproj", "{0C909E3A-F6E2-4C6A-A2EB-1D909F4ED59D}"
EndProject
Global
	GlobalSection(SolutionConfigurationPlatforms) = preSolution
		Debug|Any CPU = Debug|Any CPU
		Debug|ARM = Debug|ARM
		Debug|x64 = Debug|x64
		Debug|x86 = Debug|x86
		Release|Any CPU = Release|Any CPU
		Release|ARM = Release|ARM
		Release|x64 = Release|x64
		Release|x86 = Release|x86
	EndGlobalSection
	GlobalSection(ProjectConfigurationPlatforms) = postSolution
		{1E623D42-BFBA-47A2-B36E-CD621F799F12}.Debug|Any CPU.ActiveCfg = Debug|Any CPU
		{1E623D42-BFBA-47A2-B36E-CD621F799F12}.Debug|Any CPU.Build.0 = Debug|Any CPU
		{1E623D42-BFBA-47A2-B36E-CD621F799F12}.Debug|ARM.ActiveCfg = Debug|Any CPU
		{1E623D42-BFBA-47A2-B36E-CD621F799F12}.Debug|x64.ActiveCfg = Debug|Any CPU
		{1E623D42-BFBA-47A2-B36E-CD621F799F12}.Debug|x86.ActiveCfg = Debug|Any CPU
		{1E623D42-BFBA-47A2-B36E-CD621F799F12}.Release|Any CPU.ActiveCfg = Release|Any CPU
		{1E623D42-BFBA-47A2-B36E-CD621F799F12}.Release|Any CPU.Build.0 = Release|Any CPU
		{1E623D42-BFBA-47A2-B36E-CD621F799F12}.Release|ARM.ActiveCfg = Release|Any CPU
		{1E623D42-BFBA-47A2-B36E-CD621F799F12}.Release|x64.ActiveCfg = Release|Any CPU
		{1E623D42-BFBA-47A2-B36E-CD621F799F12}.Release|x86.ActiveCfg = Release|Any CPU
		{A1DC1E55-A44C-4240-BB6D-A8FF1886FF45}.Debug|Any CPU.ActiveCfg = Debug|Any CPU
		{A1DC1E55-A44C-4240-BB6D-A8FF1886FF45}.Debug|Any CPU.Build.0 = Debug|Any CPU
		{A1DC1E55-A44C-4240-BB6D-A8FF1886FF45}.Debug|ARM.ActiveCfg = Debug|Any CPU
		{A1DC1E55-A44C-4240-BB6D-A8FF1886FF45}.Debug|x64.ActiveCfg = Debug|Any CPU
		{A1DC1E55-A44C-4240-BB6D-A8FF1886FF45}.Debug|x86.ActiveCfg = Debug|Any CPU
		{A1DC1E55-A44C-4240-BB6D-A8FF1886FF45}.Release|Any CPU.ActiveCfg = Release|Any CPU
		{A1DC1E55-A44C-4240-BB6D-A8FF1886FF45}.Release|Any CPU.Build.0 = Release|Any CPU
		{A1DC1E55-A44C-4240-BB6D-A8FF1886FF45}.Release|ARM.ActiveCfg = Release|Any CPU
		{A1DC1E55-A44C-4240-BB6D-A8FF1886FF45}.Release|x64.ActiveCfg = Release|Any CPU
		{A1DC1E55-A44C-4240-BB6D-A8FF1886FF45}.Release|x86.ActiveCfg = Release|Any CPU
		{B42F7A8E-3FA7-48EC-A53A-2D349CAB57EB}.Debug|Any CPU.ActiveCfg = Debug|Any CPU
		{B42F7A8E-3FA7-48EC-A53A-2D349CAB57EB}.Debug|Any CPU.Build.0 = Debug|Any CPU
		{B42F7A8E-3FA7-48EC-A53A-2D349CAB57EB}.Debug|ARM.ActiveCfg = Debug|Any CPU
		{B42F7A8E-3FA7-48EC-A53A-2D349CAB57EB}.Debug|x64.ActiveCfg = Debug|Any CPU
		{B42F7A8E-3FA7-48EC-A53A-2D349CAB57EB}.Debug|x86.ActiveCfg = Debug|Any CPU
		{B42F7A8E-3FA7-48EC-A53A-2D349CAB57EB}.Release|Any CPU.ActiveCfg = Release|Any CPU
		{B42F7A8E-3FA7-48EC-A53A-2D349CAB57EB}.Release|Any CPU.Build.0 = Release|Any CPU
		{B42F7A8E-3FA7-48EC-A53A-2D349CAB57EB}.Release|ARM.ActiveCfg = Release|Any CPU
		{B42F7A8E-3FA7-48EC-A53A-2D349CAB57EB}.Release|x64.ActiveCfg = Release|Any CPU
		{B42F7A8E-3FA7-48EC-A53A-2D349CAB57EB}.Release|x86.ActiveCfg = Release|Any CPU
		{8DC5845A-3C2A-4EF4-8BEC-F22E8C78FC31}.Debug|Any CPU.ActiveCfg = Debug|Any CPU
		{8DC5845A-3C2A-4EF4-8BEC-F22E8C78FC31}.Debug|Any CPU.Build.0 = Debug|Any CPU
		{8DC5845A-3C2A-4EF4-8BEC-F22E8C78FC31}.Debug|ARM.ActiveCfg = Debug|Any CPU
		{8DC5845A-3C2A-4EF4-8BEC-F22E8C78FC31}.Debug|x64.ActiveCfg = Debug|Any CPU
		{8DC5845A-3C2A-4EF4-8BEC-F22E8C78FC31}.Debug|x86.ActiveCfg = Debug|Any CPU
		{8DC5845A-3C2A-4EF4-8BEC-F22E8C78FC31}.Release|Any CPU.ActiveCfg = Release|Any CPU
		{8DC5845A-3C2A-4EF4-8BEC-F22E8C78FC31}.Release|Any CPU.Build.0 = Release|Any CPU
		{8DC5845A-3C2A-4EF4-8BEC-F22E8C78FC31}.Release|ARM.ActiveCfg = Release|Any CPU
		{8DC5845A-3C2A-4EF4-8BEC-F22E8C78FC31}.Release|x64.ActiveCfg = Release|Any CPU
		{8DC5845A-3C2A-4EF4-8BEC-F22E8C78FC31}.Release|x86.ActiveCfg = Release|Any CPU
		{3E2B07C2-053F-46BA-BD04-4FD2E51DBA9C}.Debug|Any CPU.ActiveCfg = Debug|Any CPU
		{3E2B07C2-053F-46BA-BD04-4FD2E51DBA9C}.Debug|Any CPU.Build.0 = Debug|Any CPU
		{3E2B07C2-053F-46BA-BD04-4FD2E51DBA9C}.Debug|ARM.ActiveCfg = Debug|Any CPU
		{3E2B07C2-053F-46BA-BD04-4FD2E51DBA9C}.Debug|x64.ActiveCfg = Debug|Any CPU
		{3E2B07C2-053F-46BA-BD04-4FD2E51DBA9C}.Debug|x86.ActiveCfg = Debug|Any CPU
		{3E2B07C2-053F-46BA-BD04-4FD2E51DBA9C}.Release|Any CPU.ActiveCfg = Release|Any CPU
		{3E2B07C2-053F-46BA-BD04-4FD2E51DBA9C}.Release|Any CPU.Build.0 = Release|Any CPU
		{3E2B07C2-053F-46BA-BD04-4FD2E51DBA9C}.Release|ARM.ActiveCfg = Release|Any CPU
		{3E2B07C2-053F-46BA-BD04-4FD2E51DBA9C}.Release|x64.ActiveCfg = Release|Any CPU
		{3E2B07C2-053F-46BA-BD04-4FD2E51DBA9C}.Release|x86.ActiveCfg = Release|Any CPU
		{F2B51D08-498D-4C9F-8112-9521A7762B02}.Debug|Any CPU.ActiveCfg = Debug|Any CPU
		{F2B51D08-498D-4C9F-8112-9521A7762B02}.Debug|Any CPU.Build.0 = Debug|Any CPU
		{F2B51D08-498D-4C9F-8112-9521A7762B02}.Debug|ARM.ActiveCfg = Debug|Any CPU
		{F2B51D08-498D-4C9F-8112-9521A7762B02}.Debug|x64.ActiveCfg = Debug|Any CPU
		{F2B51D08-498D-4C9F-8112-9521A7762B02}.Debug|x86.ActiveCfg = Debug|Any CPU
		{F2B51D08-498D-4C9F-8112-9521A7762B02}.Release|Any CPU.ActiveCfg = Release|Any CPU
		{F2B51D08-498D-4C9F-8112-9521A7762B02}.Release|Any CPU.Build.0 = Release|Any CPU
		{F2B51D08-498D-4C9F-8112-9521A7762B02}.Release|ARM.ActiveCfg = Release|Any CPU
		{F2B51D08-498D-4C9F-8112-9521A7762B02}.Release|x64.ActiveCfg = Release|Any CPU
		{F2B51D08-498D-4C9F-8112-9521A7762B02}.Release|x86.ActiveCfg = Release|Any CPU
		{76278145-7CCD-4411-9B8A-078708128571}.Debug|Any CPU.ActiveCfg = Debug|Any CPU
		{76278145-7CCD-4411-9B8A-078708128571}.Debug|Any CPU.Build.0 = Debug|Any CPU
		{76278145-7CCD-4411-9B8A-078708128571}.Debug|ARM.ActiveCfg = Debug|Any CPU
		{76278145-7CCD-4411-9B8A-078708128571}.Debug|x64.ActiveCfg = Debug|Any CPU
		{76278145-7CCD-4411-9B8A-078708128571}.Debug|x86.ActiveCfg = Debug|Any CPU
		{76278145-7CCD-4411-9B8A-078708128571}.Release|Any CPU.ActiveCfg = Release|Any CPU
		{76278145-7CCD-4411-9B8A-078708128571}.Release|Any CPU.Build.0 = Release|Any CPU
		{76278145-7CCD-4411-9B8A-078708128571}.Release|ARM.ActiveCfg = Release|Any CPU
		{76278145-7CCD-4411-9B8A-078708128571}.Release|x64.ActiveCfg = Release|Any CPU
		{76278145-7CCD-4411-9B8A-078708128571}.Release|x86.ActiveCfg = Release|Any CPU
		{F7D3F72D-741D-4F67-8CF8-CD41B9035FED}.Debug|Any CPU.ActiveCfg = Debug|Any CPU
		{F7D3F72D-741D-4F67-8CF8-CD41B9035FED}.Debug|Any CPU.Build.0 = Debug|Any CPU
		{F7D3F72D-741D-4F67-8CF8-CD41B9035FED}.Debug|ARM.ActiveCfg = Debug|Any CPU
		{F7D3F72D-741D-4F67-8CF8-CD41B9035FED}.Debug|x64.ActiveCfg = Debug|Any CPU
		{F7D3F72D-741D-4F67-8CF8-CD41B9035FED}.Debug|x86.ActiveCfg = Debug|Any CPU
		{F7D3F72D-741D-4F67-8CF8-CD41B9035FED}.Release|Any CPU.ActiveCfg = Release|Any CPU
		{F7D3F72D-741D-4F67-8CF8-CD41B9035FED}.Release|Any CPU.Build.0 = Release|Any CPU
		{F7D3F72D-741D-4F67-8CF8-CD41B9035FED}.Release|ARM.ActiveCfg = Release|Any CPU
		{F7D3F72D-741D-4F67-8CF8-CD41B9035FED}.Release|x64.ActiveCfg = Release|Any CPU
		{F7D3F72D-741D-4F67-8CF8-CD41B9035FED}.Release|x86.ActiveCfg = Release|Any CPU
		{7F2DB6FE-C109-4057-B207-C62A767F905D}.Debug|Any CPU.ActiveCfg = Debug|Any CPU
		{7F2DB6FE-C109-4057-B207-C62A767F905D}.Debug|Any CPU.Build.0 = Debug|Any CPU
		{7F2DB6FE-C109-4057-B207-C62A767F905D}.Debug|ARM.ActiveCfg = Debug|Any CPU
		{7F2DB6FE-C109-4057-B207-C62A767F905D}.Debug|x64.ActiveCfg = Debug|Any CPU
		{7F2DB6FE-C109-4057-B207-C62A767F905D}.Debug|x86.ActiveCfg = Debug|Any CPU
		{7F2DB6FE-C109-4057-B207-C62A767F905D}.Release|Any CPU.ActiveCfg = Release|Any CPU
		{7F2DB6FE-C109-4057-B207-C62A767F905D}.Release|Any CPU.Build.0 = Release|Any CPU
		{7F2DB6FE-C109-4057-B207-C62A767F905D}.Release|ARM.ActiveCfg = Release|Any CPU
		{7F2DB6FE-C109-4057-B207-C62A767F905D}.Release|x64.ActiveCfg = Release|Any CPU
		{7F2DB6FE-C109-4057-B207-C62A767F905D}.Release|x86.ActiveCfg = Release|Any CPU
		{61898D02-521F-49AB-928B-F80615D55CA3}.Debug|Any CPU.ActiveCfg = Debug|Any CPU
		{61898D02-521F-49AB-928B-F80615D55CA3}.Debug|Any CPU.Build.0 = Debug|Any CPU
		{61898D02-521F-49AB-928B-F80615D55CA3}.Debug|ARM.ActiveCfg = Debug|Any CPU
		{61898D02-521F-49AB-928B-F80615D55CA3}.Debug|x64.ActiveCfg = Debug|Any CPU
		{61898D02-521F-49AB-928B-F80615D55CA3}.Debug|x86.ActiveCfg = Debug|Any CPU
		{61898D02-521F-49AB-928B-F80615D55CA3}.Release|Any CPU.ActiveCfg = Release|Any CPU
		{61898D02-521F-49AB-928B-F80615D55CA3}.Release|Any CPU.Build.0 = Release|Any CPU
		{61898D02-521F-49AB-928B-F80615D55CA3}.Release|ARM.ActiveCfg = Release|Any CPU
		{61898D02-521F-49AB-928B-F80615D55CA3}.Release|x64.ActiveCfg = Release|Any CPU
		{61898D02-521F-49AB-928B-F80615D55CA3}.Release|x86.ActiveCfg = Release|Any CPU
		{BA7FA363-61A1-41B1-945B-9B9C7BBCD357}.Debug|Any CPU.ActiveCfg = Debug|Any CPU
		{BA7FA363-61A1-41B1-945B-9B9C7BBCD357}.Debug|Any CPU.Build.0 = Debug|Any CPU
		{BA7FA363-61A1-41B1-945B-9B9C7BBCD357}.Debug|ARM.ActiveCfg = Debug|Any CPU
		{BA7FA363-61A1-41B1-945B-9B9C7BBCD357}.Debug|x64.ActiveCfg = Debug|Any CPU
		{BA7FA363-61A1-41B1-945B-9B9C7BBCD357}.Debug|x86.ActiveCfg = Debug|Any CPU
		{BA7FA363-61A1-41B1-945B-9B9C7BBCD357}.Release|Any CPU.ActiveCfg = Release|Any CPU
		{BA7FA363-61A1-41B1-945B-9B9C7BBCD357}.Release|Any CPU.Build.0 = Release|Any CPU
		{BA7FA363-61A1-41B1-945B-9B9C7BBCD357}.Release|ARM.ActiveCfg = Release|Any CPU
		{BA7FA363-61A1-41B1-945B-9B9C7BBCD357}.Release|x64.ActiveCfg = Release|Any CPU
		{BA7FA363-61A1-41B1-945B-9B9C7BBCD357}.Release|x86.ActiveCfg = Release|Any CPU
		{7D851227-5294-4BEB-990E-56B4FBB7A148}.Debug|Any CPU.ActiveCfg = Debug|Any CPU
		{7D851227-5294-4BEB-990E-56B4FBB7A148}.Debug|Any CPU.Build.0 = Debug|Any CPU
		{7D851227-5294-4BEB-990E-56B4FBB7A148}.Debug|ARM.ActiveCfg = Debug|Any CPU
		{7D851227-5294-4BEB-990E-56B4FBB7A148}.Debug|x64.ActiveCfg = Debug|Any CPU
		{7D851227-5294-4BEB-990E-56B4FBB7A148}.Debug|x86.ActiveCfg = Debug|Any CPU
		{7D851227-5294-4BEB-990E-56B4FBB7A148}.Release|Any CPU.ActiveCfg = Release|Any CPU
		{7D851227-5294-4BEB-990E-56B4FBB7A148}.Release|Any CPU.Build.0 = Release|Any CPU
		{7D851227-5294-4BEB-990E-56B4FBB7A148}.Release|ARM.ActiveCfg = Release|Any CPU
		{7D851227-5294-4BEB-990E-56B4FBB7A148}.Release|x64.ActiveCfg = Release|Any CPU
		{7D851227-5294-4BEB-990E-56B4FBB7A148}.Release|x86.ActiveCfg = Release|Any CPU
		{86EE7792-96CF-4420-997B-8C811E2B166D}.Debug|Any CPU.ActiveCfg = Debug|Any CPU
		{86EE7792-96CF-4420-997B-8C811E2B166D}.Debug|Any CPU.Build.0 = Debug|Any CPU
		{86EE7792-96CF-4420-997B-8C811E2B166D}.Debug|ARM.ActiveCfg = Debug|Any CPU
		{86EE7792-96CF-4420-997B-8C811E2B166D}.Debug|x64.ActiveCfg = Debug|Any CPU
		{86EE7792-96CF-4420-997B-8C811E2B166D}.Debug|x86.ActiveCfg = Debug|Any CPU
		{86EE7792-96CF-4420-997B-8C811E2B166D}.Release|Any CPU.ActiveCfg = Release|Any CPU
		{86EE7792-96CF-4420-997B-8C811E2B166D}.Release|Any CPU.Build.0 = Release|Any CPU
		{86EE7792-96CF-4420-997B-8C811E2B166D}.Release|ARM.ActiveCfg = Release|Any CPU
		{86EE7792-96CF-4420-997B-8C811E2B166D}.Release|x64.ActiveCfg = Release|Any CPU
		{86EE7792-96CF-4420-997B-8C811E2B166D}.Release|x86.ActiveCfg = Release|Any CPU
		{CAFD6D4D-E5FB-4A6E-84FC-3185854CCD9D}.Debug|Any CPU.ActiveCfg = Debug|Any CPU
		{CAFD6D4D-E5FB-4A6E-84FC-3185854CCD9D}.Debug|Any CPU.Build.0 = Debug|Any CPU
		{CAFD6D4D-E5FB-4A6E-84FC-3185854CCD9D}.Debug|ARM.ActiveCfg = Debug|Any CPU
		{CAFD6D4D-E5FB-4A6E-84FC-3185854CCD9D}.Debug|x64.ActiveCfg = Debug|Any CPU
		{CAFD6D4D-E5FB-4A6E-84FC-3185854CCD9D}.Debug|x86.ActiveCfg = Debug|Any CPU
		{CAFD6D4D-E5FB-4A6E-84FC-3185854CCD9D}.Release|Any CPU.ActiveCfg = Release|Any CPU
		{CAFD6D4D-E5FB-4A6E-84FC-3185854CCD9D}.Release|Any CPU.Build.0 = Release|Any CPU
		{CAFD6D4D-E5FB-4A6E-84FC-3185854CCD9D}.Release|ARM.ActiveCfg = Release|Any CPU
		{CAFD6D4D-E5FB-4A6E-84FC-3185854CCD9D}.Release|x64.ActiveCfg = Release|Any CPU
		{CAFD6D4D-E5FB-4A6E-84FC-3185854CCD9D}.Release|x86.ActiveCfg = Release|Any CPU
		{DE565EB3-EE44-469D-B6B9-C8F3CA0712EF}.Debug|Any CPU.ActiveCfg = Debug|Any CPU
		{DE565EB3-EE44-469D-B6B9-C8F3CA0712EF}.Debug|Any CPU.Build.0 = Debug|Any CPU
		{DE565EB3-EE44-469D-B6B9-C8F3CA0712EF}.Debug|ARM.ActiveCfg = Debug|Any CPU
		{DE565EB3-EE44-469D-B6B9-C8F3CA0712EF}.Debug|x64.ActiveCfg = Debug|Any CPU
		{DE565EB3-EE44-469D-B6B9-C8F3CA0712EF}.Debug|x86.ActiveCfg = Debug|Any CPU
		{DE565EB3-EE44-469D-B6B9-C8F3CA0712EF}.Release|Any CPU.ActiveCfg = Release|Any CPU
		{DE565EB3-EE44-469D-B6B9-C8F3CA0712EF}.Release|Any CPU.Build.0 = Release|Any CPU
		{DE565EB3-EE44-469D-B6B9-C8F3CA0712EF}.Release|ARM.ActiveCfg = Release|Any CPU
		{DE565EB3-EE44-469D-B6B9-C8F3CA0712EF}.Release|x64.ActiveCfg = Release|Any CPU
		{DE565EB3-EE44-469D-B6B9-C8F3CA0712EF}.Release|x86.ActiveCfg = Release|Any CPU
		{77CC6F83-D009-47EB-BD12-A12F83C6E26B}.Debug|Any CPU.ActiveCfg = Debug|Any CPU
		{77CC6F83-D009-47EB-BD12-A12F83C6E26B}.Debug|Any CPU.Build.0 = Debug|Any CPU
		{77CC6F83-D009-47EB-BD12-A12F83C6E26B}.Debug|ARM.ActiveCfg = Debug|Any CPU
		{77CC6F83-D009-47EB-BD12-A12F83C6E26B}.Debug|x64.ActiveCfg = Debug|Any CPU
		{77CC6F83-D009-47EB-BD12-A12F83C6E26B}.Debug|x86.ActiveCfg = Debug|Any CPU
		{77CC6F83-D009-47EB-BD12-A12F83C6E26B}.Release|Any CPU.ActiveCfg = Release|Any CPU
		{77CC6F83-D009-47EB-BD12-A12F83C6E26B}.Release|Any CPU.Build.0 = Release|Any CPU
		{77CC6F83-D009-47EB-BD12-A12F83C6E26B}.Release|ARM.ActiveCfg = Release|Any CPU
		{77CC6F83-D009-47EB-BD12-A12F83C6E26B}.Release|x64.ActiveCfg = Release|Any CPU
		{77CC6F83-D009-47EB-BD12-A12F83C6E26B}.Release|x86.ActiveCfg = Release|Any CPU
		{2DA6D0B3-5686-4EA5-B25F-336D59E310D2}.Debug|Any CPU.ActiveCfg = Debug|Any CPU
		{2DA6D0B3-5686-4EA5-B25F-336D59E310D2}.Debug|Any CPU.Build.0 = Debug|Any CPU
		{2DA6D0B3-5686-4EA5-B25F-336D59E310D2}.Debug|ARM.ActiveCfg = Debug|Any CPU
		{2DA6D0B3-5686-4EA5-B25F-336D59E310D2}.Debug|x64.ActiveCfg = Debug|Any CPU
		{2DA6D0B3-5686-4EA5-B25F-336D59E310D2}.Debug|x86.ActiveCfg = Debug|Any CPU
		{2DA6D0B3-5686-4EA5-B25F-336D59E310D2}.Release|Any CPU.ActiveCfg = Release|Any CPU
		{2DA6D0B3-5686-4EA5-B25F-336D59E310D2}.Release|Any CPU.Build.0 = Release|Any CPU
		{2DA6D0B3-5686-4EA5-B25F-336D59E310D2}.Release|ARM.ActiveCfg = Release|Any CPU
		{2DA6D0B3-5686-4EA5-B25F-336D59E310D2}.Release|x64.ActiveCfg = Release|Any CPU
		{2DA6D0B3-5686-4EA5-B25F-336D59E310D2}.Release|x86.ActiveCfg = Release|Any CPU
		{DD5DCF5F-33C8-4242-852E-CD2FA1C0E020}.Debug|Any CPU.ActiveCfg = Debug|Any CPU
		{DD5DCF5F-33C8-4242-852E-CD2FA1C0E020}.Debug|Any CPU.Build.0 = Debug|Any CPU
		{DD5DCF5F-33C8-4242-852E-CD2FA1C0E020}.Debug|ARM.ActiveCfg = Debug|Any CPU
		{DD5DCF5F-33C8-4242-852E-CD2FA1C0E020}.Debug|x64.ActiveCfg = Debug|Any CPU
		{DD5DCF5F-33C8-4242-852E-CD2FA1C0E020}.Debug|x86.ActiveCfg = Debug|Any CPU
		{DD5DCF5F-33C8-4242-852E-CD2FA1C0E020}.Release|Any CPU.ActiveCfg = Release|Any CPU
		{DD5DCF5F-33C8-4242-852E-CD2FA1C0E020}.Release|Any CPU.Build.0 = Release|Any CPU
		{DD5DCF5F-33C8-4242-852E-CD2FA1C0E020}.Release|ARM.ActiveCfg = Release|Any CPU
		{DD5DCF5F-33C8-4242-852E-CD2FA1C0E020}.Release|x64.ActiveCfg = Release|Any CPU
		{DD5DCF5F-33C8-4242-852E-CD2FA1C0E020}.Release|x86.ActiveCfg = Release|Any CPU
		{6E11BC15-1299-4C92-987C-435E0D501F26}.Debug|Any CPU.ActiveCfg = Debug|Any CPU
		{6E11BC15-1299-4C92-987C-435E0D501F26}.Debug|Any CPU.Build.0 = Debug|Any CPU
		{6E11BC15-1299-4C92-987C-435E0D501F26}.Debug|ARM.ActiveCfg = Debug|Any CPU
		{6E11BC15-1299-4C92-987C-435E0D501F26}.Debug|x64.ActiveCfg = Debug|Any CPU
		{6E11BC15-1299-4C92-987C-435E0D501F26}.Debug|x86.ActiveCfg = Debug|Any CPU
		{6E11BC15-1299-4C92-987C-435E0D501F26}.Release|Any CPU.ActiveCfg = Release|Any CPU
		{6E11BC15-1299-4C92-987C-435E0D501F26}.Release|Any CPU.Build.0 = Release|Any CPU
		{6E11BC15-1299-4C92-987C-435E0D501F26}.Release|ARM.ActiveCfg = Release|Any CPU
		{6E11BC15-1299-4C92-987C-435E0D501F26}.Release|x64.ActiveCfg = Release|Any CPU
		{6E11BC15-1299-4C92-987C-435E0D501F26}.Release|x86.ActiveCfg = Release|Any CPU
		{18048DCC-7069-4BC1-8BE0-99010C7D9082}.Debug|Any CPU.ActiveCfg = Debug|Any CPU
		{18048DCC-7069-4BC1-8BE0-99010C7D9082}.Debug|Any CPU.Build.0 = Debug|Any CPU
		{18048DCC-7069-4BC1-8BE0-99010C7D9082}.Debug|ARM.ActiveCfg = Debug|Any CPU
		{18048DCC-7069-4BC1-8BE0-99010C7D9082}.Debug|x64.ActiveCfg = Debug|Any CPU
		{18048DCC-7069-4BC1-8BE0-99010C7D9082}.Debug|x86.ActiveCfg = Debug|Any CPU
		{18048DCC-7069-4BC1-8BE0-99010C7D9082}.Release|Any CPU.ActiveCfg = Release|Any CPU
		{18048DCC-7069-4BC1-8BE0-99010C7D9082}.Release|Any CPU.Build.0 = Release|Any CPU
		{18048DCC-7069-4BC1-8BE0-99010C7D9082}.Release|ARM.ActiveCfg = Release|Any CPU
		{18048DCC-7069-4BC1-8BE0-99010C7D9082}.Release|x64.ActiveCfg = Release|Any CPU
		{18048DCC-7069-4BC1-8BE0-99010C7D9082}.Release|x86.ActiveCfg = Release|Any CPU
		{8BEE9C27-E196-4087-A531-128BBB5D0CBF}.Debug|Any CPU.ActiveCfg = Debug|Any CPU
		{8BEE9C27-E196-4087-A531-128BBB5D0CBF}.Debug|Any CPU.Build.0 = Debug|Any CPU
		{8BEE9C27-E196-4087-A531-128BBB5D0CBF}.Debug|ARM.ActiveCfg = Debug|Any CPU
		{8BEE9C27-E196-4087-A531-128BBB5D0CBF}.Debug|x64.ActiveCfg = Debug|Any CPU
		{8BEE9C27-E196-4087-A531-128BBB5D0CBF}.Debug|x86.ActiveCfg = Debug|x86
		{8BEE9C27-E196-4087-A531-128BBB5D0CBF}.Debug|x86.Build.0 = Debug|x86
		{8BEE9C27-E196-4087-A531-128BBB5D0CBF}.Release|Any CPU.ActiveCfg = Release|Any CPU
		{8BEE9C27-E196-4087-A531-128BBB5D0CBF}.Release|Any CPU.Build.0 = Release|Any CPU
		{8BEE9C27-E196-4087-A531-128BBB5D0CBF}.Release|ARM.ActiveCfg = Release|Any CPU
		{8BEE9C27-E196-4087-A531-128BBB5D0CBF}.Release|x64.ActiveCfg = Release|Any CPU
		{8BEE9C27-E196-4087-A531-128BBB5D0CBF}.Release|x86.ActiveCfg = Release|x86
		{8BEE9C27-E196-4087-A531-128BBB5D0CBF}.Release|x86.Build.0 = Release|x86
		{0C909E3A-F6E2-4C6A-A2EB-1D909F4ED59D}.Debug|Any CPU.ActiveCfg = Debug|Any CPU
		{0C909E3A-F6E2-4C6A-A2EB-1D909F4ED59D}.Debug|Any CPU.Build.0 = Debug|Any CPU
		{0C909E3A-F6E2-4C6A-A2EB-1D909F4ED59D}.Debug|ARM.ActiveCfg = Debug|Any CPU
		{0C909E3A-F6E2-4C6A-A2EB-1D909F4ED59D}.Debug|x64.ActiveCfg = Debug|Any CPU
		{0C909E3A-F6E2-4C6A-A2EB-1D909F4ED59D}.Debug|x86.ActiveCfg = Debug|Any CPU
		{0C909E3A-F6E2-4C6A-A2EB-1D909F4ED59D}.Release|Any CPU.ActiveCfg = Release|Any CPU
		{0C909E3A-F6E2-4C6A-A2EB-1D909F4ED59D}.Release|Any CPU.Build.0 = Release|Any CPU
		{0C909E3A-F6E2-4C6A-A2EB-1D909F4ED59D}.Release|ARM.ActiveCfg = Release|Any CPU
		{0C909E3A-F6E2-4C6A-A2EB-1D909F4ED59D}.Release|x64.ActiveCfg = Release|Any CPU
		{0C909E3A-F6E2-4C6A-A2EB-1D909F4ED59D}.Release|x86.ActiveCfg = Release|Any CPU
	EndGlobalSection
	GlobalSection(SolutionProperties) = preSolution
		HideSolutionNode = FALSE
	EndGlobalSection
	GlobalSection(NestedProjects) = preSolution
		{F2B51D08-498D-4C9F-8112-9521A7762B02} = {8636251D-0291-4B49-BD87-644F49A928F4}
		{76278145-7CCD-4411-9B8A-078708128571} = {8636251D-0291-4B49-BD87-644F49A928F4}
		{F7D3F72D-741D-4F67-8CF8-CD41B9035FED} = {8636251D-0291-4B49-BD87-644F49A928F4}
		{7F2DB6FE-C109-4057-B207-C62A767F905D} = {8636251D-0291-4B49-BD87-644F49A928F4}
		{61898D02-521F-49AB-928B-F80615D55CA3} = {8636251D-0291-4B49-BD87-644F49A928F4}
		{BA7FA363-61A1-41B1-945B-9B9C7BBCD357} = {84D975C8-CE27-4D5D-AE38-E3562DFF0C2E}
		{7D851227-5294-4BEB-990E-56B4FBB7A148} = {84D975C8-CE27-4D5D-AE38-E3562DFF0C2E}
		{86EE7792-96CF-4420-997B-8C811E2B166D} = {84D975C8-CE27-4D5D-AE38-E3562DFF0C2E}
		{CAFD6D4D-E5FB-4A6E-84FC-3185854CCD9D} = {84D975C8-CE27-4D5D-AE38-E3562DFF0C2E}
		{DE565EB3-EE44-469D-B6B9-C8F3CA0712EF} = {8636251D-0291-4B49-BD87-644F49A928F4}
		{2DA6D0B3-5686-4EA5-B25F-336D59E310D2} = {5E6F8423-99BB-46F3-8B8A-7A24BD5D3DD6}
		{DD5DCF5F-33C8-4242-852E-CD2FA1C0E020} = {5E6F8423-99BB-46F3-8B8A-7A24BD5D3DD6}
		{6E11BC15-1299-4C92-987C-435E0D501F26} = {5E6F8423-99BB-46F3-8B8A-7A24BD5D3DD6}
		{18048DCC-7069-4BC1-8BE0-99010C7D9082} = {84D975C8-CE27-4D5D-AE38-E3562DFF0C2E}
		{8BEE9C27-E196-4087-A531-128BBB5D0CBF} = {84D975C8-CE27-4D5D-AE38-E3562DFF0C2E}
		{0C909E3A-F6E2-4C6A-A2EB-1D909F4ED59D} = {5E6F8423-99BB-46F3-8B8A-7A24BD5D3DD6}
	EndGlobalSection
EndGlobal
